
Microsoft Visual Studio Solution File, Format Version 11.00
# Visual Studio 2010
Project("{FAE04EC0-301F-11D3-BF4B-00C04F79EFBC}") = "SpikeRhinoSecurity", "SpikeRhinoSecurity.csproj", "{2AF8EA3B-14E4-4F9F-8F91-7839132F08E8}"
EndProject
Global
	GlobalSection(SolutionConfigurationPlatforms) = preSolution
		Debug|x86 = Debug|x86
		Release|x86 = Release|x86
	EndGlobalSection
	GlobalSection(ProjectConfigurationPlatforms) = postSolution
		{2AF8EA3B-14E4-4F9F-8F91-7839132F08E8}.Debug|x86.ActiveCfg = Debug|x86
		{2AF8EA3B-14E4-4F9F-8F91-7839132F08E8}.Debug|x86.Build.0 = Debug|x86
		{2AF8EA3B-14E4-4F9F-8F91-7839132F08E8}.Release|x86.ActiveCfg = Release|x86
		{2AF8EA3B-14E4-4F9F-8F91-7839132F08E8}.Release|x86.Build.0 = Release|x86
	EndGlobalSection
	GlobalSection(SolutionProperties) = preSolution
		HideSolutionNode = FALSE
	EndGlobalSection
EndGlobal
